
Microsoft Visual Studio Solution File, Format Version 12.00
# Visual Studio Version 16
VisualStudioVersion = 16.0.30413.136
MinimumVisualStudioVersion = 10.0.40219.1
Project("{9A19103F-16F7-4668-BE54-9A1E7A4F7556}") = "WebMvc", "WebMvc\WebMvc.csproj", "{356DD432-E131-447B-AD22-8E981A743BE0}"
EndProject
Project("{E53339B2-1760-4266-BCC7-CA923CBCF16C}") = "docker-compose", "docker-compose.dcproj", "{C52957B8-28E6-4AE3-ADA6-578990E872BC}"
EndProject
Project("{9A19103F-16F7-4668-BE54-9A1E7A4F7556}") = "DataAccessLayer", "DataAccessLayer\DataAccessLayer.csproj", "{6196BC64-6D8C-4B4D-A6D1-D3C6BA92DA5A}"
EndProject
Project("{9A19103F-16F7-4668-BE54-9A1E7A4F7556}") = "BatchQueue", "BatchQueue\BatchQueue.csproj", "{CBF89B1A-B4CD-4C71-8EAC-5C6660B1EC3D}"
EndProject
Project("{9A19103F-16F7-4668-BE54-9A1E7A4F7556}") = "Services", "Services\Services.csproj", "{0CCAE737-79C8-40E5-BE5D-29331A6C7849}"
EndProject
Global
	GlobalSection(SolutionConfigurationPlatforms) = preSolution
		Debug|Any CPU = Debug|Any CPU
		Release|Any CPU = Release|Any CPU
	EndGlobalSection
	GlobalSection(ProjectConfigurationPlatforms) = postSolution
		{356DD432-E131-447B-AD22-8E981A743BE0}.Debug|Any CPU.ActiveCfg = Debug|Any CPU
		{356DD432-E131-447B-AD22-8E981A743BE0}.Debug|Any CPU.Build.0 = Debug|Any CPU
		{356DD432-E131-447B-AD22-8E981A743BE0}.Release|Any CPU.ActiveCfg = Release|Any CPU
		{356DD432-E131-447B-AD22-8E981A743BE0}.Release|Any CPU.Build.0 = Release|Any CPU
		{C52957B8-28E6-4AE3-ADA6-578990E872BC}.Debug|Any CPU.ActiveCfg = Debug|Any CPU
		{C52957B8-28E6-4AE3-ADA6-578990E872BC}.Debug|Any CPU.Build.0 = Debug|Any CPU
		{C52957B8-28E6-4AE3-ADA6-578990E872BC}.Release|Any CPU.ActiveCfg = Release|Any CPU
		{C52957B8-28E6-4AE3-ADA6-578990E872BC}.Release|Any CPU.Build.0 = Release|Any CPU
		{6196BC64-6D8C-4B4D-A6D1-D3C6BA92DA5A}.Debug|Any CPU.ActiveCfg = Debug|Any CPU
		{6196BC64-6D8C-4B4D-A6D1-D3C6BA92DA5A}.Debug|Any CPU.Build.0 = Debug|Any CPU
		{6196BC64-6D8C-4B4D-A6D1-D3C6BA92DA5A}.Release|Any CPU.ActiveCfg = Release|Any CPU
		{6196BC64-6D8C-4B4D-A6D1-D3C6BA92DA5A}.Release|Any CPU.Build.0 = Release|Any CPU
		{CBF89B1A-B4CD-4C71-8EAC-5C6660B1EC3D}.Debug|Any CPU.ActiveCfg = Debug|Any CPU
		{CBF89B1A-B4CD-4C71-8EAC-5C6660B1EC3D}.Debug|Any CPU.Build.0 = Debug|Any CPU
		{CBF89B1A-B4CD-4C71-8EAC-5C6660B1EC3D}.Release|Any CPU.ActiveCfg = Release|Any CPU
		{CBF89B1A-B4CD-4C71-8EAC-5C6660B1EC3D}.Release|Any CPU.Build.0 = Release|Any CPU
		{0CCAE737-79C8-40E5-BE5D-29331A6C7849}.Debug|Any CPU.ActiveCfg = Debug|Any CPU
		{0CCAE737-79C8-40E5-BE5D-29331A6C7849}.Debug|Any CPU.Build.0 = Debug|Any CPU
		{0CCAE737-79C8-40E5-BE5D-29331A6C7849}.Release|Any CPU.ActiveCfg = Release|Any CPU
		{0CCAE737-79C8-40E5-BE5D-29331A6C7849}.Release|Any CPU.Build.0 = Release|Any CPU
	EndGlobalSection
	GlobalSection(SolutionProperties) = preSolution
		HideSolutionNode = FALSE
	EndGlobalSection
	GlobalSection(ExtensibilityGlobals) = postSolution
		SolutionGuid = {ADFA8219-A4F4-48B4-873F-B7D55AA9BB1F}
	EndGlobalSection
EndGlobal
